
Microsoft Visual Studio Solution File, Format Version 12.00
# Visual Studio 15
VisualStudioVersion = 15.0.27703.2042
MinimumVisualStudioVersion = 10.0.40219.1
Project("{FAE04EC0-301F-11D3-BF4B-00C04F79EFBC}") = "brewery", "brewery\brewery.csproj", "{607A2D37-463A-4790-AFEF-B18590FE177F}"
EndProject
Project("{FAE04EC0-301F-11D3-BF4B-00C04F79EFBC}") = "ResourcesLibrary", "ResourcesLibrary\ResourcesLibrary.csproj", "{7ED17544-5EA1-4182-B4C1-6CFA3A62EBEE}"
EndProject
Global
	GlobalSection(SolutionConfigurationPlatforms) = preSolution
		Debug|Any CPU = Debug|Any CPU
		Release|Any CPU = Release|Any CPU
	EndGlobalSection
	GlobalSection(ProjectConfigurationPlatforms) = postSolution
		{607A2D37-463A-4790-AFEF-B18590FE177F}.Debug|Any CPU.ActiveCfg = Debug|Any CPU
		{607A2D37-463A-4790-AFEF-B18590FE177F}.Debug|Any CPU.Build.0 = Debug|Any CPU
		{607A2D37-463A-4790-AFEF-B18590FE177F}.Release|Any CPU.ActiveCfg = Release|Any CPU
		{607A2D37-463A-4790-AFEF-B18590FE177F}.Release|Any CPU.Build.0 = Release|Any CPU
		{7ED17544-5EA1-4182-B4C1-6CFA3A62EBEE}.Debug|Any CPU.ActiveCfg = Debug|Any CPU
		{7ED17544-5EA1-4182-B4C1-6CFA3A62EBEE}.Debug|Any CPU.Build.0 = Debug|Any CPU
		{7ED17544-5EA1-4182-B4C1-6CFA3A62EBEE}.Release|Any CPU.ActiveCfg = Release|Any CPU
		{7ED17544-5EA1-4182-B4C1-6CFA3A62EBEE}.Release|Any CPU.Build.0 = Release|Any CPU
	EndGlobalSection
	GlobalSection(SolutionProperties) = preSolution
		HideSolutionNode = FALSE
	EndGlobalSection
	GlobalSection(ExtensibilityGlobals) = postSolution
		SolutionGuid = {B02B14AD-4240-4835-8741-434935A8835C}
	EndGlobalSection
EndGlobal
